
Microsoft Visual Studio Solution File, Format Version 12.00
# Visual Studio 15
VisualStudioVersion = 15.0.28307.136
MinimumVisualStudioVersion = 10.0.40219.1
Project("{FAE04EC0-301F-11D3-BF4B-00C04F79EFBC}") = "graphql-common", "graphql-common\graphql-common.csproj", "{DB5A843D-F482-4D40-8061-E99BBFB105E3}"
EndProject
Project("{9A19103F-16F7-4668-BE54-9A1E7A4F7556}") = "graphql-console", "graphql-console\graphql-console.csproj", "{2144BFB7-2B67-4501-82CD-C6408E37A115}"
EndProject
Project("{9A19103F-16F7-4668-BE54-9A1E7A4F7556}") = "graphql-schema", "graphql-schema\graphql-schema.csproj", "{E9E74E68-1D83-4A47-B6E8-895B64655F41}"
EndProject
Project("{9A19103F-16F7-4668-BE54-9A1E7A4F7556}") = "graphql-web", "graphql-web\graphql-web.csproj", "{7DBC739D-23DA-4F68-A130-45C499E5A4C5}"
EndProject
Project("{FAE04EC0-301F-11D3-BF4B-00C04F79EFBC}") = "graphql-data", "graphql-data\graphql-data.csproj", "{C1848636-1423-4883-81B4-74FCD4659D10}"
EndProject
Global
	GlobalSection(SolutionConfigurationPlatforms) = preSolution
		Debug|Any CPU = Debug|Any CPU
		Release|Any CPU = Release|Any CPU
	EndGlobalSection
	GlobalSection(ProjectConfigurationPlatforms) = postSolution
		{DB5A843D-F482-4D40-8061-E99BBFB105E3}.Debug|Any CPU.ActiveCfg = Debug|Any CPU
		{DB5A843D-F482-4D40-8061-E99BBFB105E3}.Debug|Any CPU.Build.0 = Debug|Any CPU
		{DB5A843D-F482-4D40-8061-E99BBFB105E3}.Release|Any CPU.ActiveCfg = Release|Any CPU
		{DB5A843D-F482-4D40-8061-E99BBFB105E3}.Release|Any CPU.Build.0 = Release|Any CPU
		{2144BFB7-2B67-4501-82CD-C6408E37A115}.Debug|Any CPU.ActiveCfg = Debug|Any CPU
		{2144BFB7-2B67-4501-82CD-C6408E37A115}.Debug|Any CPU.Build.0 = Debug|Any CPU
		{2144BFB7-2B67-4501-82CD-C6408E37A115}.Release|Any CPU.ActiveCfg = Release|Any CPU
		{2144BFB7-2B67-4501-82CD-C6408E37A115}.Release|Any CPU.Build.0 = Release|Any CPU
		{E9E74E68-1D83-4A47-B6E8-895B64655F41}.Debug|Any CPU.ActiveCfg = Debug|Any CPU
		{E9E74E68-1D83-4A47-B6E8-895B64655F41}.Debug|Any CPU.Build.0 = Debug|Any CPU
		{E9E74E68-1D83-4A47-B6E8-895B64655F41}.Release|Any CPU.ActiveCfg = Release|Any CPU
		{E9E74E68-1D83-4A47-B6E8-895B64655F41}.Release|Any CPU.Build.0 = Release|Any CPU
		{7DBC739D-23DA-4F68-A130-45C499E5A4C5}.Debug|Any CPU.ActiveCfg = Debug|Any CPU
		{7DBC739D-23DA-4F68-A130-45C499E5A4C5}.Debug|Any CPU.Build.0 = Debug|Any CPU
		{7DBC739D-23DA-4F68-A130-45C499E5A4C5}.Release|Any CPU.ActiveCfg = Release|Any CPU
		{7DBC739D-23DA-4F68-A130-45C499E5A4C5}.Release|Any CPU.Build.0 = Release|Any CPU
		{C1848636-1423-4883-81B4-74FCD4659D10}.Debug|Any CPU.ActiveCfg = Debug|Any CPU
		{C1848636-1423-4883-81B4-74FCD4659D10}.Debug|Any CPU.Build.0 = Debug|Any CPU
		{C1848636-1423-4883-81B4-74FCD4659D10}.Release|Any CPU.ActiveCfg = Release|Any CPU
		{C1848636-1423-4883-81B4-74FCD4659D10}.Release|Any CPU.Build.0 = Release|Any CPU
	EndGlobalSection
	GlobalSection(SolutionProperties) = preSolution
		HideSolutionNode = FALSE
	EndGlobalSection
	GlobalSection(ExtensibilityGlobals) = postSolution
		SolutionGuid = {54EEDFB9-124D-47E3-8769-B026DDC271A8}
	EndGlobalSection
EndGlobal
